name: Application GHA - Yarn Lock Changes
run-name: "YARN.LOCK CHANGES"
on: [push]
jobs:
  yarn_lock_changes:
    runs-on: ubuntu-latest
    permissions:
        pull-requests: write
        id-token: write
        contents: read
    steps:
      - name: Checkout
        uses: actions/checkout@v3
      - name: Yarn Lock Changes
        uses: Simek/yarn-lock-changes@main
        with:
          token: ${{ secrets.GITHUB_TOKEN }}
          collapsibleThreshold: 25
          failOnDowngrade: false
          path: applications/yarn.lock
          updateComment: true